// !$*UTF8*$!
{
	archiveVersion = 1;
	classes = {
	};
	objectVersion = 55;
	objects = {

/* Begin PBXBuildFile section */
		4253BC8FD0B1584665F96667 /* Pods_soundspot_soundspotUITests.framework in Frameworks */ = {isa = PBXBuildFile; fileRef = A354F5046D376D9FA3CE2BD5 /* Pods_soundspot_soundspotUITests.framework */; };
		4B49CFD04E56834931337566 /* Pods_soundspot.framework in Frameworks */ = {isa = PBXBuildFile; fileRef = 1B811DC5A1A0DCCEC2F8163A /* Pods_soundspot.framework */; };
		8025AD63275F150900D7A7FC /* FormType.swift in Sources */ = {isa = PBXBuildFile; fileRef = 8025AD62275F150900D7A7FC /* FormType.swift */; };
		8025AD66275F151800D7A7FC /* RegisterModel.swift in Sources */ = {isa = PBXBuildFile; fileRef = 8025AD64275F151800D7A7FC /* RegisterModel.swift */; };
		8025AD67275F151800D7A7FC /* LoginModel.swift in Sources */ = {isa = PBXBuildFile; fileRef = 8025AD65275F151800D7A7FC /* LoginModel.swift */; };
		8025AD6D275F162000D7A7FC /* DownloadService.swift in Sources */ = {isa = PBXBuildFile; fileRef = 8025AD6C275F162000D7A7FC /* DownloadService.swift */; };
		8025AD72275F166500D7A7FC /* Download.swift in Sources */ = {isa = PBXBuildFile; fileRef = 8025AD71275F166500D7A7FC /* Download.swift */; };
		8025AD79275F168D00D7A7FC /* MultipartFormDataRequest.swift in Sources */ = {isa = PBXBuildFile; fileRef = 8025AD74275F168C00D7A7FC /* MultipartFormDataRequest.swift */; };
		8025AD7A275F168D00D7A7FC /* Session.swift in Sources */ = {isa = PBXBuildFile; fileRef = 8025AD75275F168D00D7A7FC /* Session.swift */; };
		8025AD7B275F168D00D7A7FC /* Server.swift in Sources */ = {isa = PBXBuildFile; fileRef = 8025AD76275F168D00D7A7FC /* Server.swift */; };
		8025AD7C275F168D00D7A7FC /* DataTaskRequest.swift in Sources */ = {isa = PBXBuildFile; fileRef = 8025AD77275F168D00D7A7FC /* DataTaskRequest.swift */; };
		8025AD7D275F168D00D7A7FC /* FileUploader.swift in Sources */ = {isa = PBXBuildFile; fileRef = 8025AD78275F168D00D7A7FC /* FileUploader.swift */; };
		8025AD82275F173300D7A7FC /* PlayerView.swift in Sources */ = {isa = PBXBuildFile; fileRef = 8025AD81275F173300D7A7FC /* PlayerView.swift */; };
		8025AD84275F174000D7A7FC /* PlayerViewModel.swift in Sources */ = {isa = PBXBuildFile; fileRef = 8025AD83275F174000D7A7FC /* PlayerViewModel.swift */; };
		8025AD8A275F17E700D7A7FC /* ProfileViewModel.swift in Sources */ = {isa = PBXBuildFile; fileRef = 8025AD89275F17E700D7A7FC /* ProfileViewModel.swift */; };
		8025AD8C275F17EE00D7A7FC /* ProfileView.swift in Sources */ = {isa = PBXBuildFile; fileRef = 8025AD8B275F17EE00D7A7FC /* ProfileView.swift */; };
		8025AD8E275F17F800D7A7FC /* ProfileModel.swift in Sources */ = {isa = PBXBuildFile; fileRef = 8025AD8D275F17F800D7A7FC /* ProfileModel.swift */; };
		8025AD97275F18A500D7A7FC /* DocumentPicker.swift in Sources */ = {isa = PBXBuildFile; fileRef = 8025AD96275F18A500D7A7FC /* DocumentPicker.swift */; };
		8025AD99275F1A6A00D7A7FC /* MusicService.swift in Sources */ = {isa = PBXBuildFile; fileRef = 8025AD98275F1A6A00D7A7FC /* MusicService.swift */; };
		803E65C027177C9500E341F6 /* soundspotApp.swift in Sources */ = {isa = PBXBuildFile; fileRef = 803E65BF27177C9500E341F6 /* soundspotApp.swift */; };
		803E65C427177C9900E341F6 /* Assets.xcassets in Resources */ = {isa = PBXBuildFile; fileRef = 803E65C327177C9900E341F6 /* Assets.xcassets */; };
		803E65C727177C9900E341F6 /* Preview Assets.xcassets in Resources */ = {isa = PBXBuildFile; fileRef = 803E65C627177C9900E341F6 /* Preview Assets.xcassets */; };
		803E65D127177C9900E341F6 /* soundspotTests.swift in Sources */ = {isa = PBXBuildFile; fileRef = 803E65D027177C9900E341F6 /* soundspotTests.swift */; };
		803E65DB27177C9900E341F6 /* soundspotUITests.swift in Sources */ = {isa = PBXBuildFile; fileRef = 803E65DA27177C9900E341F6 /* soundspotUITests.swift */; };
		803E65DD27177C9900E341F6 /* soundspotUITestsLaunchTests.swift in Sources */ = {isa = PBXBuildFile; fileRef = 803E65DC27177C9900E341F6 /* soundspotUITestsLaunchTests.swift */; };
		8046647B273CC9EE00797543 /* AuthenticationModel.swift in Sources */ = {isa = PBXBuildFile; fileRef = 8046647A273CC9EE00797543 /* AuthenticationModel.swift */; };
		804FD696275FCE5F00D81C74 /* SadMachineSingleCover.jpeg in Resources */ = {isa = PBXBuildFile; fileRef = 804FD695275FCE5F00D81C74 /* SadMachineSingleCover.jpeg */; };
		80524E8C273E199E00FD7DE0 /* UserAuthRepository.swift in Sources */ = {isa = PBXBuildFile; fileRef = 80524E8B273E199E00FD7DE0 /* UserAuthRepository.swift */; };
		80848C2427388B9300AF5ACC /* SignUp.swift in Sources */ = {isa = PBXBuildFile; fileRef = 80848C2327388B9300AF5ACC /* SignUp.swift */; };
		80848C322738963900AF5ACC /* AuthenticateUser.swift in Sources */ = {isa = PBXBuildFile; fileRef = 80848C312738963900AF5ACC /* AuthenticateUser.swift */; };
		8088ED3227B9ADE000AB0ABD /* MusicPlayerEvent.swift in Sources */ = {isa = PBXBuildFile; fileRef = 8088ED3127B9ADE000AB0ABD /* MusicPlayerEvent.swift */; };
		808B9CA727C01D430048828D /* extensions.swift in Sources */ = {isa = PBXBuildFile; fileRef = 808B9CA627C01D430048828D /* extensions.swift */; };
		808BC6D327C05C4B00B08CC2 /* ProfileRepository.swift in Sources */ = {isa = PBXBuildFile; fileRef = 808BC6D227C05C4B00B08CC2 /* ProfileRepository.swift */; };
		808C327027CFDEDD00D0D485 /* MusicUploadView.swift in Sources */ = {isa = PBXBuildFile; fileRef = 808C326F27CFDEDD00D0D485 /* MusicUploadView.swift */; };
		808C327227CFDEEE00D0D485 /* MusicUploadViewModel.swift in Sources */ = {isa = PBXBuildFile; fileRef = 808C327127CFDEEE00D0D485 /* MusicUploadViewModel.swift */; };
		808C327627CFE13700D0D485 /* UploadChoice.swift in Sources */ = {isa = PBXBuildFile; fileRef = 808C327527CFE13700D0D485 /* UploadChoice.swift */; };
		808C327927CFE46F00D0D485 /* AlbumUpload.swift in Sources */ = {isa = PBXBuildFile; fileRef = 808C327827CFE46F00D0D485 /* AlbumUpload.swift */; };
		808C327B27CFE51000D0D485 /* TrackUpload.swift in Sources */ = {isa = PBXBuildFile; fileRef = 808C327A27CFE51000D0D485 /* TrackUpload.swift */; };
		80947782273E1782009B9930 /* UserDTO.swift in Sources */ = {isa = PBXBuildFile; fileRef = 80947781273E1782009B9930 /* UserDTO.swift */; };
		80A3CB7227C03C39005C3CB5 /* ProfileEvents.swift in Sources */ = {isa = PBXBuildFile; fileRef = 80A3CB7127C03C39005C3CB5 /* ProfileEvents.swift */; };
		80B2EF3E27D45D5500675BA5 /* PageHeaderData.swift in Sources */ = {isa = PBXBuildFile; fileRef = 80B2EF3D27D45D5500675BA5 /* PageHeaderData.swift */; };
		80CB4E7027D29B380042725A /* ModifyTrackView.swift in Sources */ = {isa = PBXBuildFile; fileRef = 80CB4E6F27D29B370042725A /* ModifyTrackView.swift */; };
		80CB4E7227D29BCA0042725A /* ModifyTrackViewModel.swift in Sources */ = {isa = PBXBuildFile; fileRef = 80CB4E7127D29BCA0042725A /* ModifyTrackViewModel.swift */; };
		80CB4E7427D2A2180042725A /* Artists.swift in Sources */ = {isa = PBXBuildFile; fileRef = 80CB4E7327D2A2180042725A /* Artists.swift */; };
		80CB4E7627D2C9680042725A /* UploadPageHeader.swift in Sources */ = {isa = PBXBuildFile; fileRef = 80CB4E7527D2C9680042725A /* UploadPageHeader.swift */; };
		80CB4E7827D2CB1B0042725A /* UPHViewModel.swift in Sources */ = {isa = PBXBuildFile; fileRef = 80CB4E7727D2CB1B0042725A /* UPHViewModel.swift */; };
		80CB4E7B27D2D4130042725A /* MusicUploadEvents.swift in Sources */ = {isa = PBXBuildFile; fileRef = 80CB4E7A27D2D4130042725A /* MusicUploadEvents.swift */; };
		80D1BEEA2717D24200300524 /* Colors.xcassets in Resources */ = {isa = PBXBuildFile; fileRef = 80D1BEE92717D24200300524 /* Colors.xcassets */; };
		80E5FDE62740B08600247717 /* UserService.swift in Sources */ = {isa = PBXBuildFile; fileRef = 80E5FDE52740B08600247717 /* UserService.swift */; };
		80EAB5A327D13357007F3F95 /* ImagePicker.swift in Sources */ = {isa = PBXBuildFile; fileRef = 80EAB5A227D13357007F3F95 /* ImagePicker.swift */; };
		80EAB5A727D144AE007F3F95 /* Track.swift in Sources */ = {isa = PBXBuildFile; fileRef = 80EAB5A627D144AE007F3F95 /* Track.swift */; };
		80F042EA27AA00F40067E8FA /* TokenData.swift in Sources */ = {isa = PBXBuildFile; fileRef = 80F042E927AA00F40067E8FA /* TokenData.swift */; };
		80F77BDA27AB235D00FF0AD0 /* AppState.swift in Sources */ = {isa = PBXBuildFile; fileRef = 80F77BD927AB235D00FF0AD0 /* AppState.swift */; };
		80F77BDC27AB5D1300FF0AD0 /* AppStateRepository.swift in Sources */ = {isa = PBXBuildFile; fileRef = 80F77BDB27AB5D1300FF0AD0 /* AppStateRepository.swift */; };
		D159525E275971F4002EFA28 /* Aux-Cord-1.jpg in Resources */ = {isa = PBXBuildFile; fileRef = D159525B275971F4002EFA28 /* Aux-Cord-1.jpg */; };
		D159525F275971F4002EFA28 /* FLCL.jpg in Resources */ = {isa = PBXBuildFile; fileRef = D159525C275971F4002EFA28 /* FLCL.jpg */; };
		D1595260275971F4002EFA28 /* GoogleLogo.png in Resources */ = {isa = PBXBuildFile; fileRef = D159525D275971F4002EFA28 /* GoogleLogo.png */; };
		D19B7A5F275F359A00F5F42F /* wavy.png in Resources */ = {isa = PBXBuildFile; fileRef = D19B7A5E275F359A00F5F42F /* wavy.png */; };
		E5263F212734789F004FF1B8 /* StartUp.swift in Sources */ = {isa = PBXBuildFile; fileRef = E5263F202734789E004FF1B8 /* StartUp.swift */; };
		E5263F23273478E7004FF1B8 /* LoginFields.swift in Sources */ = {isa = PBXBuildFile; fileRef = E5263F22273478E6004FF1B8 /* LoginFields.swift */; };
		E5A48A2E271F4BF800110DDD /* Boarding.swift in Sources */ = {isa = PBXBuildFile; fileRef = E5A48A2D271F4BF800110DDD /* Boarding.swift */; };
		E5A48A32271F4C0A00110DDD /* BoardingPage.swift in Sources */ = {isa = PBXBuildFile; fileRef = E5A48A2F271F4C0A00110DDD /* BoardingPage.swift */; };
		E5A48A33271F4C0A00110DDD /* CheckOut.swift in Sources */ = {isa = PBXBuildFile; fileRef = E5A48A30271F4C0A00110DDD /* CheckOut.swift */; };
		E5A48A34271F4C0A00110DDD /* Card.swift in Sources */ = {isa = PBXBuildFile; fileRef = E5A48A31271F4C0A00110DDD /* Card.swift */; };
		E5A48A38271F4C2200110DDD /* OurPicks.swift in Sources */ = {isa = PBXBuildFile; fileRef = E5A48A35271F4C2200110DDD /* OurPicks.swift */; };
		E5A48A39271F4C2200110DDD /* NavBar.swift in Sources */ = {isa = PBXBuildFile; fileRef = E5A48A36271F4C2200110DDD /* NavBar.swift */; };
		E5A48A3A271F4C2200110DDD /* HomeView.swift in Sources */ = {isa = PBXBuildFile; fileRef = E5A48A37271F4C2200110DDD /* HomeView.swift */; };
		E5A48A40271F4C2F00110DDD /* Song.swift in Sources */ = {isa = PBXBuildFile; fileRef = E5A48A3C271F4C2F00110DDD /* Song.swift */; };
		E5A48A42271F4C2F00110DDD /* TrendingWeek.swift in Sources */ = {isa = PBXBuildFile; fileRef = E5A48A3E271F4C2F00110DDD /* TrendingWeek.swift */; };
		EA4EB06E9ECDE25D23A40AFD /* Pods_soundspotTests.framework in Frameworks */ = {isa = PBXBuildFile; fileRef = 2094A4470F16B33CD8E0E6C2 /* Pods_soundspotTests.framework */; };
/* End PBXBuildFile section */

/* Begin PBXContainerItemProxy section */
		803E65CD27177C9900E341F6 /* PBXContainerItemProxy */ = {
			isa = PBXContainerItemProxy;
			containerPortal = 803E65B427177C9500E341F6 /* Project object */;
			proxyType = 1;
			remoteGlobalIDString = 803E65BB27177C9500E341F6;
			remoteInfo = soundspot;
		};
		803E65D727177C9900E341F6 /* PBXContainerItemProxy */ = {
			isa = PBXContainerItemProxy;
			containerPortal = 803E65B427177C9500E341F6 /* Project object */;
			proxyType = 1;
			remoteGlobalIDString = 803E65BB27177C9500E341F6;
			remoteInfo = soundspot;
		};
/* End PBXContainerItemProxy section */

/* Begin PBXFileReference section */
		1A7E8AEA3DEFE9E033D796BE /* Pods-soundspot-soundspotUITests.debug.xcconfig */ = {isa = PBXFileReference; includeInIndex = 1; lastKnownFileType = text.xcconfig; name = "Pods-soundspot-soundspotUITests.debug.xcconfig"; path = "Target Support Files/Pods-soundspot-soundspotUITests/Pods-soundspot-soundspotUITests.debug.xcconfig"; sourceTree = "<group>"; };
		1B811DC5A1A0DCCEC2F8163A /* Pods_soundspot.framework */ = {isa = PBXFileReference; explicitFileType = wrapper.framework; includeInIndex = 0; path = Pods_soundspot.framework; sourceTree = BUILT_PRODUCTS_DIR; };
		2094A4470F16B33CD8E0E6C2 /* Pods_soundspotTests.framework */ = {isa = PBXFileReference; explicitFileType = wrapper.framework; includeInIndex = 0; path = Pods_soundspotTests.framework; sourceTree = BUILT_PRODUCTS_DIR; };
		4FB066AC7E6ADEE286939857 /* Pods-soundspotTests.debug.xcconfig */ = {isa = PBXFileReference; includeInIndex = 1; lastKnownFileType = text.xcconfig; name = "Pods-soundspotTests.debug.xcconfig"; path = "Target Support Files/Pods-soundspotTests/Pods-soundspotTests.debug.xcconfig"; sourceTree = "<group>"; };
		8025AD62275F150900D7A7FC /* FormType.swift */ = {isa = PBXFileReference; fileEncoding = 4; lastKnownFileType = sourcecode.swift; path = FormType.swift; sourceTree = "<group>"; };
		8025AD64275F151800D7A7FC /* RegisterModel.swift */ = {isa = PBXFileReference; fileEncoding = 4; lastKnownFileType = sourcecode.swift; path = RegisterModel.swift; sourceTree = "<group>"; };
		8025AD65275F151800D7A7FC /* LoginModel.swift */ = {isa = PBXFileReference; fileEncoding = 4; lastKnownFileType = sourcecode.swift; path = LoginModel.swift; sourceTree = "<group>"; };
		8025AD6C275F162000D7A7FC /* DownloadService.swift */ = {isa = PBXFileReference; fileEncoding = 4; lastKnownFileType = sourcecode.swift; path = DownloadService.swift; sourceTree = "<group>"; };
		8025AD71275F166500D7A7FC /* Download.swift */ = {isa = PBXFileReference; fileEncoding = 4; lastKnownFileType = sourcecode.swift; path = Download.swift; sourceTree = "<group>"; };
		8025AD74275F168C00D7A7FC /* MultipartFormDataRequest.swift */ = {isa = PBXFileReference; fileEncoding = 4; lastKnownFileType = sourcecode.swift; path = MultipartFormDataRequest.swift; sourceTree = "<group>"; };
		8025AD75275F168D00D7A7FC /* Session.swift */ = {isa = PBXFileReference; fileEncoding = 4; lastKnownFileType = sourcecode.swift; path = Session.swift; sourceTree = "<group>"; };
		8025AD76275F168D00D7A7FC /* Server.swift */ = {isa = PBXFileReference; fileEncoding = 4; lastKnownFileType = sourcecode.swift; path = Server.swift; sourceTree = "<group>"; };
		8025AD77275F168D00D7A7FC /* DataTaskRequest.swift */ = {isa = PBXFileReference; fileEncoding = 4; lastKnownFileType = sourcecode.swift; path = DataTaskRequest.swift; sourceTree = "<group>"; };
		8025AD78275F168D00D7A7FC /* FileUploader.swift */ = {isa = PBXFileReference; fileEncoding = 4; lastKnownFileType = sourcecode.swift; path = FileUploader.swift; sourceTree = "<group>"; };
		8025AD81275F173300D7A7FC /* PlayerView.swift */ = {isa = PBXFileReference; fileEncoding = 4; lastKnownFileType = sourcecode.swift; path = PlayerView.swift; sourceTree = "<group>"; };
		8025AD83275F174000D7A7FC /* PlayerViewModel.swift */ = {isa = PBXFileReference; fileEncoding = 4; lastKnownFileType = sourcecode.swift; path = PlayerViewModel.swift; sourceTree = "<group>"; };
		8025AD89275F17E700D7A7FC /* ProfileViewModel.swift */ = {isa = PBXFileReference; fileEncoding = 4; lastKnownFileType = sourcecode.swift; path = ProfileViewModel.swift; sourceTree = "<group>"; };
		8025AD8B275F17EE00D7A7FC /* ProfileView.swift */ = {isa = PBXFileReference; fileEncoding = 4; lastKnownFileType = sourcecode.swift; path = ProfileView.swift; sourceTree = "<group>"; tabWidth = 4; };
		8025AD8D275F17F800D7A7FC /* ProfileModel.swift */ = {isa = PBXFileReference; fileEncoding = 4; lastKnownFileType = sourcecode.swift; path = ProfileModel.swift; sourceTree = "<group>"; };
		8025AD96275F18A500D7A7FC /* DocumentPicker.swift */ = {isa = PBXFileReference; fileEncoding = 4; lastKnownFileType = sourcecode.swift; path = DocumentPicker.swift; sourceTree = "<group>"; };
		8025AD98275F1A6A00D7A7FC /* MusicService.swift */ = {isa = PBXFileReference; fileEncoding = 4; lastKnownFileType = sourcecode.swift; path = MusicService.swift; sourceTree = "<group>"; };
		803E65BC27177C9500E341F6 /* soundspot.app */ = {isa = PBXFileReference; explicitFileType = wrapper.application; includeInIndex = 0; path = soundspot.app; sourceTree = BUILT_PRODUCTS_DIR; };
		803E65BF27177C9500E341F6 /* soundspotApp.swift */ = {isa = PBXFileReference; lastKnownFileType = sourcecode.swift; path = soundspotApp.swift; sourceTree = "<group>"; };
		803E65C327177C9900E341F6 /* Assets.xcassets */ = {isa = PBXFileReference; lastKnownFileType = folder.assetcatalog; path = Assets.xcassets; sourceTree = "<group>"; };
		803E65C627177C9900E341F6 /* Preview Assets.xcassets */ = {isa = PBXFileReference; lastKnownFileType = folder.assetcatalog; path = "Preview Assets.xcassets"; sourceTree = "<group>"; };
		803E65CC27177C9900E341F6 /* soundspotTests.xctest */ = {isa = PBXFileReference; explicitFileType = wrapper.cfbundle; includeInIndex = 0; path = soundspotTests.xctest; sourceTree = BUILT_PRODUCTS_DIR; };
		803E65D027177C9900E341F6 /* soundspotTests.swift */ = {isa = PBXFileReference; lastKnownFileType = sourcecode.swift; path = soundspotTests.swift; sourceTree = "<group>"; };
		803E65D627177C9900E341F6 /* soundspotUITests.xctest */ = {isa = PBXFileReference; explicitFileType = wrapper.cfbundle; includeInIndex = 0; path = soundspotUITests.xctest; sourceTree = BUILT_PRODUCTS_DIR; };
		803E65DA27177C9900E341F6 /* soundspotUITests.swift */ = {isa = PBXFileReference; lastKnownFileType = sourcecode.swift; path = soundspotUITests.swift; sourceTree = "<group>"; };
		803E65DC27177C9900E341F6 /* soundspotUITestsLaunchTests.swift */ = {isa = PBXFileReference; lastKnownFileType = sourcecode.swift; path = soundspotUITestsLaunchTests.swift; sourceTree = "<group>"; };
		8046647A273CC9EE00797543 /* AuthenticationModel.swift */ = {isa = PBXFileReference; lastKnownFileType = sourcecode.swift; path = AuthenticationModel.swift; sourceTree = "<group>"; };
		804FD695275FCE5F00D81C74 /* SadMachineSingleCover.jpeg */ = {isa = PBXFileReference; lastKnownFileType = image.jpeg; path = SadMachineSingleCover.jpeg; sourceTree = "<group>"; };
		80524E8B273E199E00FD7DE0 /* UserAuthRepository.swift */ = {isa = PBXFileReference; lastKnownFileType = sourcecode.swift; path = UserAuthRepository.swift; sourceTree = "<group>"; };
		80848C2327388B9300AF5ACC /* SignUp.swift */ = {isa = PBXFileReference; fileEncoding = 4; lastKnownFileType = sourcecode.swift; path = SignUp.swift; sourceTree = "<group>"; };
		80848C312738963900AF5ACC /* AuthenticateUser.swift */ = {isa = PBXFileReference; lastKnownFileType = sourcecode.swift; path = AuthenticateUser.swift; sourceTree = "<group>"; };
		8088ED3127B9ADE000AB0ABD /* MusicPlayerEvent.swift */ = {isa = PBXFileReference; lastKnownFileType = sourcecode.swift; path = MusicPlayerEvent.swift; sourceTree = "<group>"; };
		808B9CA627C01D430048828D /* extensions.swift */ = {isa = PBXFileReference; lastKnownFileType = sourcecode.swift; path = extensions.swift; sourceTree = "<group>"; };
		808BC6D227C05C4B00B08CC2 /* ProfileRepository.swift */ = {isa = PBXFileReference; lastKnownFileType = sourcecode.swift; path = ProfileRepository.swift; sourceTree = "<group>"; };
		808C326F27CFDEDD00D0D485 /* MusicUploadView.swift */ = {isa = PBXFileReference; lastKnownFileType = sourcecode.swift; path = MusicUploadView.swift; sourceTree = "<group>"; };
		808C327127CFDEEE00D0D485 /* MusicUploadViewModel.swift */ = {isa = PBXFileReference; lastKnownFileType = sourcecode.swift; path = MusicUploadViewModel.swift; sourceTree = "<group>"; };
		808C327527CFE13700D0D485 /* UploadChoice.swift */ = {isa = PBXFileReference; lastKnownFileType = sourcecode.swift; path = UploadChoice.swift; sourceTree = "<group>"; };
		808C327827CFE46F00D0D485 /* AlbumUpload.swift */ = {isa = PBXFileReference; lastKnownFileType = sourcecode.swift; path = AlbumUpload.swift; sourceTree = "<group>"; };
		808C327A27CFE51000D0D485 /* TrackUpload.swift */ = {isa = PBXFileReference; lastKnownFileType = sourcecode.swift; path = TrackUpload.swift; sourceTree = "<group>"; };
		80947781273E1782009B9930 /* UserDTO.swift */ = {isa = PBXFileReference; lastKnownFileType = sourcecode.swift; path = UserDTO.swift; sourceTree = "<group>"; };
		80A3CB7127C03C39005C3CB5 /* ProfileEvents.swift */ = {isa = PBXFileReference; lastKnownFileType = sourcecode.swift; path = ProfileEvents.swift; sourceTree = "<group>"; };
		80B2EF3D27D45D5500675BA5 /* PageHeaderData.swift */ = {isa = PBXFileReference; lastKnownFileType = sourcecode.swift; path = PageHeaderData.swift; sourceTree = "<group>"; };
		80CB4E6F27D29B370042725A /* ModifyTrackView.swift */ = {isa = PBXFileReference; lastKnownFileType = sourcecode.swift; path = ModifyTrackView.swift; sourceTree = "<group>"; };
		80CB4E7127D29BCA0042725A /* ModifyTrackViewModel.swift */ = {isa = PBXFileReference; lastKnownFileType = sourcecode.swift; path = ModifyTrackViewModel.swift; sourceTree = "<group>"; };
		80CB4E7327D2A2180042725A /* Artists.swift */ = {isa = PBXFileReference; lastKnownFileType = sourcecode.swift; path = Artists.swift; sourceTree = "<group>"; };
		80CB4E7527D2C9680042725A /* UploadPageHeader.swift */ = {isa = PBXFileReference; lastKnownFileType = sourcecode.swift; path = UploadPageHeader.swift; sourceTree = "<group>"; };
		80CB4E7727D2CB1B0042725A /* UPHViewModel.swift */ = {isa = PBXFileReference; lastKnownFileType = sourcecode.swift; path = UPHViewModel.swift; sourceTree = "<group>"; };
		80CB4E7A27D2D4130042725A /* MusicUploadEvents.swift */ = {isa = PBXFileReference; lastKnownFileType = sourcecode.swift; path = MusicUploadEvents.swift; sourceTree = "<group>"; };
		80D1BEE92717D24200300524 /* Colors.xcassets */ = {isa = PBXFileReference; lastKnownFileType = folder.assetcatalog; path = Colors.xcassets; sourceTree = "<group>"; };
		80E5FDE52740B08600247717 /* UserService.swift */ = {isa = PBXFileReference; lastKnownFileType = sourcecode.swift; path = UserService.swift; sourceTree = "<group>"; };
		80EAB5A227D13357007F3F95 /* ImagePicker.swift */ = {isa = PBXFileReference; lastKnownFileType = sourcecode.swift; path = ImagePicker.swift; sourceTree = "<group>"; };
		80EAB5A627D144AE007F3F95 /* Track.swift */ = {isa = PBXFileReference; fileEncoding = 4; lastKnownFileType = sourcecode.swift; name = Track.swift; path = ../../../../.Trash/Track.swift; sourceTree = "<group>"; };
		80F042E927AA00F40067E8FA /* TokenData.swift */ = {isa = PBXFileReference; lastKnownFileType = sourcecode.swift; path = TokenData.swift; sourceTree = "<group>"; };
		80F77BD927AB235D00FF0AD0 /* AppState.swift */ = {isa = PBXFileReference; lastKnownFileType = sourcecode.swift; path = AppState.swift; sourceTree = "<group>"; };
		80F77BDB27AB5D1300FF0AD0 /* AppStateRepository.swift */ = {isa = PBXFileReference; lastKnownFileType = sourcecode.swift; path = AppStateRepository.swift; sourceTree = "<group>"; };
		A354F5046D376D9FA3CE2BD5 /* Pods_soundspot_soundspotUITests.framework */ = {isa = PBXFileReference; explicitFileType = wrapper.framework; includeInIndex = 0; path = Pods_soundspot_soundspotUITests.framework; sourceTree = BUILT_PRODUCTS_DIR; };
		A58FF6FCD332C1DB967ECF8B /* Pods-soundspot.release.xcconfig */ = {isa = PBXFileReference; includeInIndex = 1; lastKnownFileType = text.xcconfig; name = "Pods-soundspot.release.xcconfig"; path = "Target Support Files/Pods-soundspot/Pods-soundspot.release.xcconfig"; sourceTree = "<group>"; };
		A6D42D6A8C65E1AEE3CE37A5 /* Pods-soundspot.debug.xcconfig */ = {isa = PBXFileReference; includeInIndex = 1; lastKnownFileType = text.xcconfig; name = "Pods-soundspot.debug.xcconfig"; path = "Target Support Files/Pods-soundspot/Pods-soundspot.debug.xcconfig"; sourceTree = "<group>"; };
		CD30D5AEF1CD60F654FEBB34 /* Pods-soundspotTests.release.xcconfig */ = {isa = PBXFileReference; includeInIndex = 1; lastKnownFileType = text.xcconfig; name = "Pods-soundspotTests.release.xcconfig"; path = "Target Support Files/Pods-soundspotTests/Pods-soundspotTests.release.xcconfig"; sourceTree = "<group>"; };
		D159525B275971F4002EFA28 /* Aux-Cord-1.jpg */ = {isa = PBXFileReference; lastKnownFileType = image.jpeg; path = "Aux-Cord-1.jpg"; sourceTree = "<group>"; };
		D159525C275971F4002EFA28 /* FLCL.jpg */ = {isa = PBXFileReference; lastKnownFileType = image.jpeg; path = FLCL.jpg; sourceTree = "<group>"; };
		D159525D275971F4002EFA28 /* GoogleLogo.png */ = {isa = PBXFileReference; lastKnownFileType = image.png; path = GoogleLogo.png; sourceTree = "<group>"; };
		D19B7A5E275F359A00F5F42F /* wavy.png */ = {isa = PBXFileReference; lastKnownFileType = image.png; path = wavy.png; sourceTree = "<group>"; };
		D276940E7D3AA836F1C770BB /* Pods-soundspot-soundspotUITests.release.xcconfig */ = {isa = PBXFileReference; includeInIndex = 1; lastKnownFileType = text.xcconfig; name = "Pods-soundspot-soundspotUITests.release.xcconfig"; path = "Target Support Files/Pods-soundspot-soundspotUITests/Pods-soundspot-soundspotUITests.release.xcconfig"; sourceTree = "<group>"; };
		E5263F202734789E004FF1B8 /* StartUp.swift */ = {isa = PBXFileReference; fileEncoding = 4; lastKnownFileType = sourcecode.swift; path = StartUp.swift; sourceTree = "<group>"; };
		E5263F22273478E6004FF1B8 /* LoginFields.swift */ = {isa = PBXFileReference; fileEncoding = 4; lastKnownFileType = sourcecode.swift; path = LoginFields.swift; sourceTree = "<group>"; };
		E5A48A2D271F4BF800110DDD /* Boarding.swift */ = {isa = PBXFileReference; fileEncoding = 4; lastKnownFileType = sourcecode.swift; path = Boarding.swift; sourceTree = "<group>"; };
		E5A48A2F271F4C0A00110DDD /* BoardingPage.swift */ = {isa = PBXFileReference; fileEncoding = 4; lastKnownFileType = sourcecode.swift; path = BoardingPage.swift; sourceTree = "<group>"; };
		E5A48A30271F4C0A00110DDD /* CheckOut.swift */ = {isa = PBXFileReference; fileEncoding = 4; lastKnownFileType = sourcecode.swift; path = CheckOut.swift; sourceTree = "<group>"; };
		E5A48A31271F4C0A00110DDD /* Card.swift */ = {isa = PBXFileReference; fileEncoding = 4; lastKnownFileType = sourcecode.swift; path = Card.swift; sourceTree = "<group>"; };
		E5A48A35271F4C2200110DDD /* OurPicks.swift */ = {isa = PBXFileReference; fileEncoding = 4; lastKnownFileType = sourcecode.swift; path = OurPicks.swift; sourceTree = "<group>"; };
		E5A48A36271F4C2200110DDD /* NavBar.swift */ = {isa = PBXFileReference; fileEncoding = 4; lastKnownFileType = sourcecode.swift; path = NavBar.swift; sourceTree = "<group>"; };
		E5A48A37271F4C2200110DDD /* HomeView.swift */ = {isa = PBXFileReference; fileEncoding = 4; lastKnownFileType = sourcecode.swift; path = HomeView.swift; sourceTree = "<group>"; };
		E5A48A3C271F4C2F00110DDD /* Song.swift */ = {isa = PBXFileReference; fileEncoding = 4; lastKnownFileType = sourcecode.swift; path = Song.swift; sourceTree = "<group>"; };
		E5A48A3E271F4C2F00110DDD /* TrendingWeek.swift */ = {isa = PBXFileReference; fileEncoding = 4; lastKnownFileType = sourcecode.swift; path = TrendingWeek.swift; sourceTree = "<group>"; };
/* End PBXFileReference section */

/* Begin PBXFrameworksBuildPhase section */
		803E65B927177C9500E341F6 /* Frameworks */ = {
			isa = PBXFrameworksBuildPhase;
			buildActionMask = 2147483647;
			files = (
				4B49CFD04E56834931337566 /* Pods_soundspot.framework in Frameworks */,
			);
			runOnlyForDeploymentPostprocessing = 0;
		};
		803E65C927177C9900E341F6 /* Frameworks */ = {
			isa = PBXFrameworksBuildPhase;
			buildActionMask = 2147483647;
			files = (
				EA4EB06E9ECDE25D23A40AFD /* Pods_soundspotTests.framework in Frameworks */,
			);
			runOnlyForDeploymentPostprocessing = 0;
		};
		803E65D327177C9900E341F6 /* Frameworks */ = {
			isa = PBXFrameworksBuildPhase;
			buildActionMask = 2147483647;
			files = (
				4253BC8FD0B1584665F96667 /* Pods_soundspot_soundspotUITests.framework in Frameworks */,
			);
			runOnlyForDeploymentPostprocessing = 0;
		};
/* End PBXFrameworksBuildPhase section */

/* Begin PBXGroup section */
		8025AD70275F165800D7A7FC /* Model */ = {
			isa = PBXGroup;
			children = (
				8025AD71275F166500D7A7FC /* Download.swift */,
			);
			path = Model;
			sourceTree = "<group>";
		};
		8025AD73275F167500D7A7FC /* Utilities */ = {
			isa = PBXGroup;
			children = (
				8025AD77275F168D00D7A7FC /* DataTaskRequest.swift */,
				8025AD78275F168D00D7A7FC /* FileUploader.swift */,
				8025AD74275F168C00D7A7FC /* MultipartFormDataRequest.swift */,
				8025AD76275F168D00D7A7FC /* Server.swift */,
				8025AD75275F168D00D7A7FC /* Session.swift */,
			);
			path = Utilities;
			sourceTree = "<group>";
		};
		8025AD7E275F170A00D7A7FC /* MusicPlayer */ = {
			isa = PBXGroup;
			children = (
				8025AD80275F172000D7A7FC /* ViewModel */,
				8025AD7F275F171700D7A7FC /* View */,
				8088ED3127B9ADE000AB0ABD /* MusicPlayerEvent.swift */,
			);
			path = MusicPlayer;
			sourceTree = "<group>";
		};
		8025AD7F275F171700D7A7FC /* View */ = {
			isa = PBXGroup;
			children = (
				8025AD81275F173300D7A7FC /* PlayerView.swift */,
			);
			path = View;
			sourceTree = "<group>";
		};
		8025AD80275F172000D7A7FC /* ViewModel */ = {
			isa = PBXGroup;
			children = (
				8025AD83275F174000D7A7FC /* PlayerViewModel.swift */,
			);
			path = ViewModel;
			sourceTree = "<group>";
		};
		8025AD85275F17A400D7A7FC /* Profile */ = {
			isa = PBXGroup;
			children = (
				8025AD88275F17D200D7A7FC /* ViewModel */,
				8025AD87275F17C500D7A7FC /* View */,
				8025AD86275F17B100D7A7FC /* Model */,
				80A3CB7127C03C39005C3CB5 /* ProfileEvents.swift */,
			);
			path = Profile;
			sourceTree = "<group>";
		};
		8025AD86275F17B100D7A7FC /* Model */ = {
			isa = PBXGroup;
			children = (
				8025AD8D275F17F800D7A7FC /* ProfileModel.swift */,
			);
			path = Model;
			sourceTree = "<group>";
		};
		8025AD87275F17C500D7A7FC /* View */ = {
			isa = PBXGroup;
			children = (
				8025AD8B275F17EE00D7A7FC /* ProfileView.swift */,
			);
			path = View;
			sourceTree = "<group>";
		};
		8025AD88275F17D200D7A7FC /* ViewModel */ = {
			isa = PBXGroup;
			children = (
				8025AD89275F17E700D7A7FC /* ProfileViewModel.swift */,
			);
			path = ViewModel;
			sourceTree = "<group>";
		};
		8025AD8F275F183500D7A7FC /* Music */ = {
			isa = PBXGroup;
			children = (
				8025AD96275F18A500D7A7FC /* DocumentPicker.swift */,
				80EAB5A627D144AE007F3F95 /* Track.swift */,
			);
			path = Music;
			sourceTree = "<group>";
		};
		803E65B327177C9500E341F6 = {
			isa = PBXGroup;
			children = (
				803E65BE27177C9500E341F6 /* soundspot */,
				803E65CF27177C9900E341F6 /* soundspotTests */,
				803E65D927177C9900E341F6 /* soundspotUITests */,
				803E65BD27177C9500E341F6 /* Products */,
				CAA07E6F9E97507AA64020DB /* Frameworks */,
				A793423CA0259380FA69E637 /* Pods */,
			);
			sourceTree = "<group>";
		};
		803E65BD27177C9500E341F6 /* Products */ = {
			isa = PBXGroup;
			children = (
				803E65BC27177C9500E341F6 /* soundspot.app */,
				803E65CC27177C9900E341F6 /* soundspotTests.xctest */,
				803E65D627177C9900E341F6 /* soundspotUITests.xctest */,
			);
			name = Products;
			sourceTree = "<group>";
		};
		803E65BE27177C9500E341F6 /* soundspot */ = {
			isa = PBXGroup;
			children = (
				80EAB5A127D13333007F3F95 /* Image Picker */,
				808C326E27CFDE1100D0D485 /* MusicUpload */,
				8025AD8F275F183500D7A7FC /* Music */,
				8025AD85275F17A400D7A7FC /* Profile */,
				8025AD7E275F170A00D7A7FC /* MusicPlayer */,
				80524E89273E18E600FD7DE0 /* Services */,
				80524E87273E18BB00FD7DE0 /* Repositories */,
				80947780273E175A009B9930 /* DTOs */,
				80DCB9942738DE4200B4C481 /* Boarding */,
				80848C272738916600AF5ACC /* Authentication */,
				E5A48A3C271F4C2F00110DDD /* Song.swift */,
				803E65BF27177C9500E341F6 /* soundspotApp.swift */,
				808B9CA627C01D430048828D /* extensions.swift */,
				E5A48A37271F4C2200110DDD /* HomeView.swift */,
				E5A48A36271F4C2200110DDD /* NavBar.swift */,
				E5A48A35271F4C2200110DDD /* OurPicks.swift */,
				E5A48A31271F4C0A00110DDD /* Card.swift */,
				E5A48A30271F4C0A00110DDD /* CheckOut.swift */,
				E5A48A3E271F4C2F00110DDD /* TrendingWeek.swift */,
				D159525B275971F4002EFA28 /* Aux-Cord-1.jpg */,
				D159525D275971F4002EFA28 /* GoogleLogo.png */,
				D159525C275971F4002EFA28 /* FLCL.jpg */,
				804FD695275FCE5F00D81C74 /* SadMachineSingleCover.jpeg */,
				D19B7A5E275F359A00F5F42F /* wavy.png */,
				803E65C327177C9900E341F6 /* Assets.xcassets */,
				803E65C527177C9900E341F6 /* Preview Content */,
				80D1BEE92717D24200300524 /* Colors.xcassets */,
			);
			path = soundspot;
			sourceTree = "<group>";
		};
		803E65C527177C9900E341F6 /* Preview Content */ = {
			isa = PBXGroup;
			children = (
				803E65C627177C9900E341F6 /* Preview Assets.xcassets */,
			);
			path = "Preview Content";
			sourceTree = "<group>";
		};
		803E65CF27177C9900E341F6 /* soundspotTests */ = {
			isa = PBXGroup;
			children = (
				803E65D027177C9900E341F6 /* soundspotTests.swift */,
			);
			path = soundspotTests;
			sourceTree = "<group>";
		};
		803E65D927177C9900E341F6 /* soundspotUITests */ = {
			isa = PBXGroup;
			children = (
				803E65DA27177C9900E341F6 /* soundspotUITests.swift */,
				803E65DC27177C9900E341F6 /* soundspotUITestsLaunchTests.swift */,
			);
			path = soundspotUITests;
			sourceTree = "<group>";
		};
		80524E87273E18BB00FD7DE0 /* Repositories */ = {
			isa = PBXGroup;
			children = (
				80F042E827AA009A0067E8FA /* Models */,
				80524E8B273E199E00FD7DE0 /* UserAuthRepository.swift */,
				80F77BDB27AB5D1300FF0AD0 /* AppStateRepository.swift */,
				808BC6D227C05C4B00B08CC2 /* ProfileRepository.swift */,
			);
			path = Repositories;
			sourceTree = "<group>";
		};
		80524E89273E18E600FD7DE0 /* Services */ = {
			isa = PBXGroup;
			children = (
				80524E8A273E18F900FD7DE0 /* APIService */,
			);
			path = Services;
			sourceTree = "<group>";
		};
		80524E8A273E18F900FD7DE0 /* APIService */ = {
			isa = PBXGroup;
			children = (
				80E5FDE52740B08600247717 /* UserService.swift */,
				8025AD98275F1A6A00D7A7FC /* MusicService.swift */,
				8025AD6C275F162000D7A7FC /* DownloadService.swift */,
				8025AD73275F167500D7A7FC /* Utilities */,
				8025AD70275F165800D7A7FC /* Model */,
			);
			path = APIService;
			sourceTree = "<group>";
		};
		80848C272738916600AF5ACC /* Authentication */ = {
			isa = PBXGroup;
			children = (
				80848C2C2738920E00AF5ACC /* Model */,
				80848C2B2738920200AF5ACC /* ViewModel */,
				80848C2A273891F800AF5ACC /* View */,
			);
			path = Authentication;
			sourceTree = "<group>";
		};
		80848C2A273891F800AF5ACC /* View */ = {
			isa = PBXGroup;
			children = (
				E5263F202734789E004FF1B8 /* StartUp.swift */,
				E5263F22273478E6004FF1B8 /* LoginFields.swift */,
				80848C2327388B9300AF5ACC /* SignUp.swift */,
			);
			path = View;
			sourceTree = "<group>";
		};
		80848C2B2738920200AF5ACC /* ViewModel */ = {
			isa = PBXGroup;
			children = (
				80848C312738963900AF5ACC /* AuthenticateUser.swift */,
			);
			path = ViewModel;
			sourceTree = "<group>";
		};
		80848C2C2738920E00AF5ACC /* Model */ = {
			isa = PBXGroup;
			children = (
				8046647A273CC9EE00797543 /* AuthenticationModel.swift */,
				8025AD62275F150900D7A7FC /* FormType.swift */,
				8025AD65275F151800D7A7FC /* LoginModel.swift */,
				8025AD64275F151800D7A7FC /* RegisterModel.swift */,
			);
			path = Model;
			sourceTree = "<group>";
		};
		808C326E27CFDE1100D0D485 /* MusicUpload */ = {
			isa = PBXGroup;
			children = (
				80CB4E7927D2D3FE0042725A /* Events */,
				808C327727CFE13D00D0D485 /* Model */,
				808C327427CFE11D00D0D485 /* ViewModel */,
				808C327327CFE10E00D0D485 /* View */,
			);
			path = MusicUpload;
			sourceTree = "<group>";
		};
		808C327327CFE10E00D0D485 /* View */ = {
			isa = PBXGroup;
			children = (
				808C326F27CFDEDD00D0D485 /* MusicUploadView.swift */,
				80CB4E6F27D29B370042725A /* ModifyTrackView.swift */,
				80CB4E7527D2C9680042725A /* UploadPageHeader.swift */,
			);
			path = View;
			sourceTree = "<group>";
		};
		808C327427CFE11D00D0D485 /* ViewModel */ = {
			isa = PBXGroup;
			children = (
				808C327127CFDEEE00D0D485 /* MusicUploadViewModel.swift */,
				80CB4E7127D29BCA0042725A /* ModifyTrackViewModel.swift */,
				80CB4E7727D2CB1B0042725A /* UPHViewModel.swift */,
			);
			path = ViewModel;
			sourceTree = "<group>";
		};
		808C327727CFE13D00D0D485 /* Model */ = {
			isa = PBXGroup;
			children = (
				808C327527CFE13700D0D485 /* UploadChoice.swift */,
				808C327827CFE46F00D0D485 /* AlbumUpload.swift */,
				808C327A27CFE51000D0D485 /* TrackUpload.swift */,
				80CB4E7327D2A2180042725A /* Artists.swift */,
				80B2EF3D27D45D5500675BA5 /* PageHeaderData.swift */,
			);
			path = Model;
			sourceTree = "<group>";
		};
		80947780273E175A009B9930 /* DTOs */ = {
			isa = PBXGroup;
			children = (
				80947781273E1782009B9930 /* UserDTO.swift */,
			);
			path = DTOs;
			sourceTree = "<group>";
		};
		80CB4E7927D2D3FE0042725A /* Events */ = {
			isa = PBXGroup;
			children = (
				80CB4E7A27D2D4130042725A /* MusicUploadEvents.swift */,
			);
			path = Events;
			sourceTree = "<group>";
		};
		80DCB9942738DE4200B4C481 /* Boarding */ = {
			isa = PBXGroup;
			children = (
				E5A48A2F271F4C0A00110DDD /* BoardingPage.swift */,
				80DCB9952738DE5600B4C481 /* View */,
			);
			path = Boarding;
			sourceTree = "<group>";
		};
		80DCB9952738DE5600B4C481 /* View */ = {
			isa = PBXGroup;
			children = (
				E5A48A2D271F4BF800110DDD /* Boarding.swift */,
			);
			path = View;
			sourceTree = "<group>";
		};
		80EAB5A127D13333007F3F95 /* Image Picker */ = {
			isa = PBXGroup;
			children = (
				80EAB5A227D13357007F3F95 /* ImagePicker.swift */,
			);
			path = "Image Picker";
			sourceTree = "<group>";
		};
		80F042E827AA009A0067E8FA /* Models */ = {
			isa = PBXGroup;
			children = (
				80F042E927AA00F40067E8FA /* TokenData.swift */,
				80F77BD927AB235D00FF0AD0 /* AppState.swift */,
			);
			path = Models;
			sourceTree = "<group>";
		};
		A793423CA0259380FA69E637 /* Pods */ = {
			isa = PBXGroup;
			children = (
				A6D42D6A8C65E1AEE3CE37A5 /* Pods-soundspot.debug.xcconfig */,
				A58FF6FCD332C1DB967ECF8B /* Pods-soundspot.release.xcconfig */,
				1A7E8AEA3DEFE9E033D796BE /* Pods-soundspot-soundspotUITests.debug.xcconfig */,
				D276940E7D3AA836F1C770BB /* Pods-soundspot-soundspotUITests.release.xcconfig */,
				4FB066AC7E6ADEE286939857 /* Pods-soundspotTests.debug.xcconfig */,
				CD30D5AEF1CD60F654FEBB34 /* Pods-soundspotTests.release.xcconfig */,
			);
			path = Pods;
			sourceTree = "<group>";
		};
		CAA07E6F9E97507AA64020DB /* Frameworks */ = {
			isa = PBXGroup;
			children = (
				1B811DC5A1A0DCCEC2F8163A /* Pods_soundspot.framework */,
				A354F5046D376D9FA3CE2BD5 /* Pods_soundspot_soundspotUITests.framework */,
				2094A4470F16B33CD8E0E6C2 /* Pods_soundspotTests.framework */,
			);
			name = Frameworks;
			sourceTree = "<group>";
		};
/* End PBXGroup section */

/* Begin PBXNativeTarget section */
		803E65BB27177C9500E341F6 /* soundspot */ = {
			isa = PBXNativeTarget;
			buildConfigurationList = 803E65E027177C9900E341F6 /* Build configuration list for PBXNativeTarget "soundspot" */;
			buildPhases = (
				0D38582BFBEE6E2FBC745CE7 /* [CP] Check Pods Manifest.lock */,
				803E65B827177C9500E341F6 /* Sources */,
				803E65B927177C9500E341F6 /* Frameworks */,
				803E65BA27177C9500E341F6 /* Resources */,
				5340761D260C32F590A59F37 /* [CP] Embed Pods Frameworks */,
			);
			buildRules = (
			);
			dependencies = (
			);
			name = soundspot;
			productName = soundspot;
			productReference = 803E65BC27177C9500E341F6 /* soundspot.app */;
			productType = "com.apple.product-type.application";
		};
		803E65CB27177C9900E341F6 /* soundspotTests */ = {
			isa = PBXNativeTarget;
			buildConfigurationList = 803E65E327177C9900E341F6 /* Build configuration list for PBXNativeTarget "soundspotTests" */;
			buildPhases = (
				7BECE9596A4134E1C036C92D /* [CP] Check Pods Manifest.lock */,
				803E65C827177C9900E341F6 /* Sources */,
				803E65C927177C9900E341F6 /* Frameworks */,
				803E65CA27177C9900E341F6 /* Resources */,
			);
			buildRules = (
			);
			dependencies = (
				803E65CE27177C9900E341F6 /* PBXTargetDependency */,
			);
			name = soundspotTests;
			productName = soundspotTests;
			productReference = 803E65CC27177C9900E341F6 /* soundspotTests.xctest */;
			productType = "com.apple.product-type.bundle.unit-test";
		};
		803E65D527177C9900E341F6 /* soundspotUITests */ = {
			isa = PBXNativeTarget;
			buildConfigurationList = 803E65E627177C9900E341F6 /* Build configuration list for PBXNativeTarget "soundspotUITests" */;
			buildPhases = (
				1587E7C3534746BCA85A6065 /* [CP] Check Pods Manifest.lock */,
				803E65D227177C9900E341F6 /* Sources */,
				803E65D327177C9900E341F6 /* Frameworks */,
				803E65D427177C9900E341F6 /* Resources */,
				CAC4D2FEAF1E202E00EC2260 /* [CP] Embed Pods Frameworks */,
			);
			buildRules = (
			);
			dependencies = (
				803E65D827177C9900E341F6 /* PBXTargetDependency */,
			);
			name = soundspotUITests;
			productName = soundspotUITests;
			productReference = 803E65D627177C9900E341F6 /* soundspotUITests.xctest */;
			productType = "com.apple.product-type.bundle.ui-testing";
		};
/* End PBXNativeTarget section */

/* Begin PBXProject section */
		803E65B427177C9500E341F6 /* Project object */ = {
			isa = PBXProject;
			attributes = {
				BuildIndependentTargetsInParallel = 1;
				LastSwiftUpdateCheck = 1300;
				LastUpgradeCheck = 1300;
				TargetAttributes = {
					803E65BB27177C9500E341F6 = {
						CreatedOnToolsVersion = 13.0;
					};
					803E65CB27177C9900E341F6 = {
						CreatedOnToolsVersion = 13.0;
						TestTargetID = 803E65BB27177C9500E341F6;
					};
					803E65D527177C9900E341F6 = {
						CreatedOnToolsVersion = 13.0;
						TestTargetID = 803E65BB27177C9500E341F6;
					};
				};
			};
			buildConfigurationList = 803E65B727177C9500E341F6 /* Build configuration list for PBXProject "soundspot" */;
			compatibilityVersion = "Xcode 13.0";
			developmentRegion = en;
			hasScannedForEncodings = 0;
			knownRegions = (
				en,
				Base,
			);
			mainGroup = 803E65B327177C9500E341F6;
			productRefGroup = 803E65BD27177C9500E341F6 /* Products */;
			projectDirPath = "";
			projectRoot = "";
			targets = (
				803E65BB27177C9500E341F6 /* soundspot */,
				803E65CB27177C9900E341F6 /* soundspotTests */,
				803E65D527177C9900E341F6 /* soundspotUITests */,
			);
		};
/* End PBXProject section */

/* Begin PBXResourcesBuildPhase section */
		803E65BA27177C9500E341F6 /* Resources */ = {
			isa = PBXResourcesBuildPhase;
			buildActionMask = 2147483647;
			files = (
				80D1BEEA2717D24200300524 /* Colors.xcassets in Resources */,
				803E65C727177C9900E341F6 /* Preview Assets.xcassets in Resources */,
				D159525F275971F4002EFA28 /* FLCL.jpg in Resources */,
				D159525E275971F4002EFA28 /* Aux-Cord-1.jpg in Resources */,
				804FD696275FCE5F00D81C74 /* SadMachineSingleCover.jpeg in Resources */,
				803E65C427177C9900E341F6 /* Assets.xcassets in Resources */,
				D1595260275971F4002EFA28 /* GoogleLogo.png in Resources */,
				D19B7A5F275F359A00F5F42F /* wavy.png in Resources */,
			);
			runOnlyForDeploymentPostprocessing = 0;
		};
		803E65CA27177C9900E341F6 /* Resources */ = {
			isa = PBXResourcesBuildPhase;
			buildActionMask = 2147483647;
			files = (
			);
			runOnlyForDeploymentPostprocessing = 0;
		};
		803E65D427177C9900E341F6 /* Resources */ = {
			isa = PBXResourcesBuildPhase;
			buildActionMask = 2147483647;
			files = (
			);
			runOnlyForDeploymentPostprocessing = 0;
		};
/* End PBXResourcesBuildPhase section */

/* Begin PBXShellScriptBuildPhase section */
		0D38582BFBEE6E2FBC745CE7 /* [CP] Check Pods Manifest.lock */ = {
			isa = PBXShellScriptBuildPhase;
			buildActionMask = 2147483647;
			files = (
			);
			inputFileListPaths = (
			);
			inputPaths = (
				"${PODS_PODFILE_DIR_PATH}/Podfile.lock",
				"${PODS_ROOT}/Manifest.lock",
			);
			name = "[CP] Check Pods Manifest.lock";
			outputFileListPaths = (
			);
			outputPaths = (
				"$(DERIVED_FILE_DIR)/Pods-soundspot-checkManifestLockResult.txt",
			);
			runOnlyForDeploymentPostprocessing = 0;
			shellPath = /bin/sh;
			shellScript = "diff \"${PODS_PODFILE_DIR_PATH}/Podfile.lock\" \"${PODS_ROOT}/Manifest.lock\" > /dev/null\nif [ $? != 0 ] ; then\n    # print error to STDERR\n    echo \"error: The sandbox is not in sync with the Podfile.lock. Run 'pod install' or update your CocoaPods installation.\" >&2\n    exit 1\nfi\n# This output is used by Xcode 'outputs' to avoid re-running this script phase.\necho \"SUCCESS\" > \"${SCRIPT_OUTPUT_FILE_0}\"\n";
			showEnvVarsInLog = 0;
		};
		1587E7C3534746BCA85A6065 /* [CP] Check Pods Manifest.lock */ = {
			isa = PBXShellScriptBuildPhase;
			buildActionMask = 2147483647;
			files = (
			);
			inputFileListPaths = (
			);
			inputPaths = (
				"${PODS_PODFILE_DIR_PATH}/Podfile.lock",
				"${PODS_ROOT}/Manifest.lock",
			);
			name = "[CP] Check Pods Manifest.lock";
			outputFileListPaths = (
			);
			outputPaths = (
				"$(DERIVED_FILE_DIR)/Pods-soundspot-soundspotUITests-checkManifestLockResult.txt",
			);
			runOnlyForDeploymentPostprocessing = 0;
			shellPath = /bin/sh;
			shellScript = "diff \"${PODS_PODFILE_DIR_PATH}/Podfile.lock\" \"${PODS_ROOT}/Manifest.lock\" > /dev/null\nif [ $? != 0 ] ; then\n    # print error to STDERR\n    echo \"error: The sandbox is not in sync with the Podfile.lock. Run 'pod install' or update your CocoaPods installation.\" >&2\n    exit 1\nfi\n# This output is used by Xcode 'outputs' to avoid re-running this script phase.\necho \"SUCCESS\" > \"${SCRIPT_OUTPUT_FILE_0}\"\n";
			showEnvVarsInLog = 0;
		};
		5340761D260C32F590A59F37 /* [CP] Embed Pods Frameworks */ = {
			isa = PBXShellScriptBuildPhase;
			buildActionMask = 2147483647;
			files = (
			);
			inputFileListPaths = (
				"${PODS_ROOT}/Target Support Files/Pods-soundspot/Pods-soundspot-frameworks-${CONFIGURATION}-input-files.xcfilelist",
			);
			name = "[CP] Embed Pods Frameworks";
			outputFileListPaths = (
				"${PODS_ROOT}/Target Support Files/Pods-soundspot/Pods-soundspot-frameworks-${CONFIGURATION}-output-files.xcfilelist",
			);
			runOnlyForDeploymentPostprocessing = 0;
			shellPath = /bin/sh;
			shellScript = "\"${PODS_ROOT}/Target Support Files/Pods-soundspot/Pods-soundspot-frameworks.sh\"\n";
			showEnvVarsInLog = 0;
		};
		7BECE9596A4134E1C036C92D /* [CP] Check Pods Manifest.lock */ = {
			isa = PBXShellScriptBuildPhase;
			buildActionMask = 2147483647;
			files = (
			);
			inputFileListPaths = (
			);
			inputPaths = (
				"${PODS_PODFILE_DIR_PATH}/Podfile.lock",
				"${PODS_ROOT}/Manifest.lock",
			);
			name = "[CP] Check Pods Manifest.lock";
			outputFileListPaths = (
			);
			outputPaths = (
				"$(DERIVED_FILE_DIR)/Pods-soundspotTests-checkManifestLockResult.txt",
			);
			runOnlyForDeploymentPostprocessing = 0;
			shellPath = /bin/sh;
			shellScript = "diff \"${PODS_PODFILE_DIR_PATH}/Podfile.lock\" \"${PODS_ROOT}/Manifest.lock\" > /dev/null\nif [ $? != 0 ] ; then\n    # print error to STDERR\n    echo \"error: The sandbox is not in sync with the Podfile.lock. Run 'pod install' or update your CocoaPods installation.\" >&2\n    exit 1\nfi\n# This output is used by Xcode 'outputs' to avoid re-running this script phase.\necho \"SUCCESS\" > \"${SCRIPT_OUTPUT_FILE_0}\"\n";
			showEnvVarsInLog = 0;
		};
		CAC4D2FEAF1E202E00EC2260 /* [CP] Embed Pods Frameworks */ = {
			isa = PBXShellScriptBuildPhase;
			buildActionMask = 2147483647;
			files = (
			);
			inputFileListPaths = (
				"${PODS_ROOT}/Target Support Files/Pods-soundspot-soundspotUITests/Pods-soundspot-soundspotUITests-frameworks-${CONFIGURATION}-input-files.xcfilelist",
			);
			name = "[CP] Embed Pods Frameworks";
			outputFileListPaths = (
				"${PODS_ROOT}/Target Support Files/Pods-soundspot-soundspotUITests/Pods-soundspot-soundspotUITests-frameworks-${CONFIGURATION}-output-files.xcfilelist",
			);
			runOnlyForDeploymentPostprocessing = 0;
			shellPath = /bin/sh;
			shellScript = "\"${PODS_ROOT}/Target Support Files/Pods-soundspot-soundspotUITests/Pods-soundspot-soundspotUITests-frameworks.sh\"\n";
			showEnvVarsInLog = 0;
		};
/* End PBXShellScriptBuildPhase section */

/* Begin PBXSourcesBuildPhase section */
		803E65B827177C9500E341F6 /* Sources */ = {
			isa = PBXSourcesBuildPhase;
			buildActionMask = 2147483647;
			files = (
				E5A48A3A271F4C2200110DDD /* HomeView.swift in Sources */,
				E5A48A32271F4C0A00110DDD /* BoardingPage.swift in Sources */,
				80524E8C273E199E00FD7DE0 /* UserAuthRepository.swift in Sources */,
				808C327627CFE13700D0D485 /* UploadChoice.swift in Sources */,
				8025AD8E275F17F800D7A7FC /* ProfileModel.swift in Sources */,
				8088ED3227B9ADE000AB0ABD /* MusicPlayerEvent.swift in Sources */,
				808C327B27CFE51000D0D485 /* TrackUpload.swift in Sources */,
				8025AD82275F173300D7A7FC /* PlayerView.swift in Sources */,
				8025AD67275F151800D7A7FC /* LoginModel.swift in Sources */,
				80848C322738963900AF5ACC /* AuthenticateUser.swift in Sources */,
				E5A48A39271F4C2200110DDD /* NavBar.swift in Sources */,
				E5A48A34271F4C0A00110DDD /* Card.swift in Sources */,
				8025AD84275F174000D7A7FC /* PlayerViewModel.swift in Sources */,
				8025AD7B275F168D00D7A7FC /* Server.swift in Sources */,
				808C327927CFE46F00D0D485 /* AlbumUpload.swift in Sources */,
				80F77BDC27AB5D1300FF0AD0 /* AppStateRepository.swift in Sources */,
				E5263F23273478E7004FF1B8 /* LoginFields.swift in Sources */,
				80CB4E7B27D2D4130042725A /* MusicUploadEvents.swift in Sources */,
				80EAB5A327D13357007F3F95 /* ImagePicker.swift in Sources */,
				80CB4E7627D2C9680042725A /* UploadPageHeader.swift in Sources */,
				E5263F212734789F004FF1B8 /* StartUp.swift in Sources */,
				8025AD8A275F17E700D7A7FC /* ProfileViewModel.swift in Sources */,
				8025AD72275F166500D7A7FC /* Download.swift in Sources */,
				8025AD6D275F162000D7A7FC /* DownloadService.swift in Sources */,
				8025AD66275F151800D7A7FC /* RegisterModel.swift in Sources */,
				E5A48A40271F4C2F00110DDD /* Song.swift in Sources */,
				8025AD7D275F168D00D7A7FC /* FileUploader.swift in Sources */,
				80CB4E7227D29BCA0042725A /* ModifyTrackViewModel.swift in Sources */,
				8025AD99275F1A6A00D7A7FC /* MusicService.swift in Sources */,
				808C327227CFDEEE00D0D485 /* MusicUploadViewModel.swift in Sources */,
				803E65C027177C9500E341F6 /* soundspotApp.swift in Sources */,
				80F042EA27AA00F40067E8FA /* TokenData.swift in Sources */,
				E5A48A38271F4C2200110DDD /* OurPicks.swift in Sources */,
				8025AD63275F150900D7A7FC /* FormType.swift in Sources */,
				8025AD79275F168D00D7A7FC /* MultipartFormDataRequest.swift in Sources */,
				8025AD7C275F168D00D7A7FC /* DataTaskRequest.swift in Sources */,
				8046647B273CC9EE00797543 /* AuthenticationModel.swift in Sources */,
				80EAB5A727D144AE007F3F95 /* Track.swift in Sources */,
				8025AD8C275F17EE00D7A7FC /* ProfileView.swift in Sources */,
				808B9CA727C01D430048828D /* extensions.swift in Sources */,
				80E5FDE62740B08600247717 /* UserService.swift in Sources */,
				8025AD7A275F168D00D7A7FC /* Session.swift in Sources */,
				80B2EF3E27D45D5500675BA5 /* PageHeaderData.swift in Sources */,
				8025AD97275F18A500D7A7FC /* DocumentPicker.swift in Sources */,
				80CB4E7827D2CB1B0042725A /* UPHViewModel.swift in Sources */,
				80A3CB7227C03C39005C3CB5 /* ProfileEvents.swift in Sources */,
				80CB4E7427D2A2180042725A /* Artists.swift in Sources */,
				80CB4E7027D29B380042725A /* ModifyTrackView.swift in Sources */,
				E5A48A42271F4C2F00110DDD /* TrendingWeek.swift in Sources */,
				80F77BDA27AB235D00FF0AD0 /* AppState.swift in Sources */,
				E5A48A33271F4C0A00110DDD /* CheckOut.swift in Sources */,
				E5A48A2E271F4BF800110DDD /* Boarding.swift in Sources */,
				80947782273E1782009B9930 /* UserDTO.swift in Sources */,
				808C327027CFDEDD00D0D485 /* MusicUploadView.swift in Sources */,
				80848C2427388B9300AF5ACC /* SignUp.swift in Sources */,
				808BC6D327C05C4B00B08CC2 /* ProfileRepository.swift in Sources */,
			);
			runOnlyForDeploymentPostprocessing = 0;
		};
		803E65C827177C9900E341F6 /* Sources */ = {
			isa = PBXSourcesBuildPhase;
			buildActionMask = 2147483647;
			files = (
				803E65D127177C9900E341F6 /* soundspotTests.swift in Sources */,
			);
			runOnlyForDeploymentPostprocessing = 0;
		};
		803E65D227177C9900E341F6 /* Sources */ = {
			isa = PBXSourcesBuildPhase;
			buildActionMask = 2147483647;
			files = (
				803E65DD27177C9900E341F6 /* soundspotUITestsLaunchTests.swift in Sources */,
				803E65DB27177C9900E341F6 /* soundspotUITests.swift in Sources */,
			);
			runOnlyForDeploymentPostprocessing = 0;
		};
/* End PBXSourcesBuildPhase section */

/* Begin PBXTargetDependency section */
		803E65CE27177C9900E341F6 /* PBXTargetDependency */ = {
			isa = PBXTargetDependency;
			target = 803E65BB27177C9500E341F6 /* soundspot */;
			targetProxy = 803E65CD27177C9900E341F6 /* PBXContainerItemProxy */;
		};
		803E65D827177C9900E341F6 /* PBXTargetDependency */ = {
			isa = PBXTargetDependency;
			target = 803E65BB27177C9500E341F6 /* soundspot */;
			targetProxy = 803E65D727177C9900E341F6 /* PBXContainerItemProxy */;
		};
/* End PBXTargetDependency section */

/* Begin XCBuildConfiguration section */
		803E65DE27177C9900E341F6 /* Debug */ = {
			isa = XCBuildConfiguration;
			buildSettings = {
				ALWAYS_SEARCH_USER_PATHS = NO;
				CLANG_ANALYZER_NONNULL = YES;
				CLANG_ANALYZER_NUMBER_OBJECT_CONVERSION = YES_AGGRESSIVE;
				CLANG_CXX_LANGUAGE_STANDARD = "gnu++17";
				CLANG_CXX_LIBRARY = "libc++";
				CLANG_ENABLE_MODULES = YES;
				CLANG_ENABLE_OBJC_ARC = YES;
				CLANG_ENABLE_OBJC_WEAK = YES;
				CLANG_WARN_BLOCK_CAPTURE_AUTORELEASING = YES;
				CLANG_WARN_BOOL_CONVERSION = YES;
				CLANG_WARN_COMMA = YES;
				CLANG_WARN_CONSTANT_CONVERSION = YES;
				CLANG_WARN_DEPRECATED_OBJC_IMPLEMENTATIONS = YES;
				CLANG_WARN_DIRECT_OBJC_ISA_USAGE = YES_ERROR;
				CLANG_WARN_DOCUMENTATION_COMMENTS = YES;
				CLANG_WARN_EMPTY_BODY = YES;
				CLANG_WARN_ENUM_CONVERSION = YES;
				CLANG_WARN_INFINITE_RECURSION = YES;
				CLANG_WARN_INT_CONVERSION = YES;
				CLANG_WARN_NON_LITERAL_NULL_CONVERSION = YES;
				CLANG_WARN_OBJC_IMPLICIT_RETAIN_SELF = YES;
				CLANG_WARN_OBJC_LITERAL_CONVERSION = YES;
				CLANG_WARN_OBJC_ROOT_CLASS = YES_ERROR;
				CLANG_WARN_QUOTED_INCLUDE_IN_FRAMEWORK_HEADER = YES;
				CLANG_WARN_RANGE_LOOP_ANALYSIS = YES;
				CLANG_WARN_STRICT_PROTOTYPES = YES;
				CLANG_WARN_SUSPICIOUS_MOVE = YES;
				CLANG_WARN_UNGUARDED_AVAILABILITY = YES_AGGRESSIVE;
				CLANG_WARN_UNREACHABLE_CODE = YES;
				CLANG_WARN__DUPLICATE_METHOD_MATCH = YES;
				COPY_PHASE_STRIP = NO;
				DEBUG_INFORMATION_FORMAT = dwarf;
				ENABLE_STRICT_OBJC_MSGSEND = YES;
				ENABLE_TESTABILITY = YES;
				GCC_C_LANGUAGE_STANDARD = gnu11;
				GCC_DYNAMIC_NO_PIC = NO;
				GCC_NO_COMMON_BLOCKS = YES;
				GCC_OPTIMIZATION_LEVEL = 0;
				GCC_PREPROCESSOR_DEFINITIONS = (
					"DEBUG=1",
					"$(inherited)",
				);
				GCC_WARN_64_TO_32_BIT_CONVERSION = YES;
				GCC_WARN_ABOUT_RETURN_TYPE = YES_ERROR;
				GCC_WARN_UNDECLARED_SELECTOR = YES;
				GCC_WARN_UNINITIALIZED_AUTOS = YES_AGGRESSIVE;
				GCC_WARN_UNUSED_FUNCTION = YES;
				GCC_WARN_UNUSED_VARIABLE = YES;
				IPHONEOS_DEPLOYMENT_TARGET = 15.0;
				MTL_ENABLE_DEBUG_INFO = INCLUDE_SOURCE;
				MTL_FAST_MATH = YES;
				ONLY_ACTIVE_ARCH = YES;
				SDKROOT = iphoneos;
				SWIFT_ACTIVE_COMPILATION_CONDITIONS = DEBUG;
				SWIFT_OPTIMIZATION_LEVEL = "-Onone";
			};
			name = Debug;
		};
		803E65DF27177C9900E341F6 /* Release */ = {
			isa = XCBuildConfiguration;
			buildSettings = {
				ALWAYS_SEARCH_USER_PATHS = NO;
				CLANG_ANALYZER_NONNULL = YES;
				CLANG_ANALYZER_NUMBER_OBJECT_CONVERSION = YES_AGGRESSIVE;
				CLANG_CXX_LANGUAGE_STANDARD = "gnu++17";
				CLANG_CXX_LIBRARY = "libc++";
				CLANG_ENABLE_MODULES = YES;
				CLANG_ENABLE_OBJC_ARC = YES;
				CLANG_ENABLE_OBJC_WEAK = YES;
				CLANG_WARN_BLOCK_CAPTURE_AUTORELEASING = YES;
				CLANG_WARN_BOOL_CONVERSION = YES;
				CLANG_WARN_COMMA = YES;
				CLANG_WARN_CONSTANT_CONVERSION = YES;
				CLANG_WARN_DEPRECATED_OBJC_IMPLEMENTATIONS = YES;
				CLANG_WARN_DIRECT_OBJC_ISA_USAGE = YES_ERROR;
				CLANG_WARN_DOCUMENTATION_COMMENTS = YES;
				CLANG_WARN_EMPTY_BODY = YES;
				CLANG_WARN_ENUM_CONVERSION = YES;
				CLANG_WARN_INFINITE_RECURSION = YES;
				CLANG_WARN_INT_CONVERSION = YES;
				CLANG_WARN_NON_LITERAL_NULL_CONVERSION = YES;
				CLANG_WARN_OBJC_IMPLICIT_RETAIN_SELF = YES;
				CLANG_WARN_OBJC_LITERAL_CONVERSION = YES;
				CLANG_WARN_OBJC_ROOT_CLASS = YES_ERROR;
				CLANG_WARN_QUOTED_INCLUDE_IN_FRAMEWORK_HEADER = YES;
				CLANG_WARN_RANGE_LOOP_ANALYSIS = YES;
				CLANG_WARN_STRICT_PROTOTYPES = YES;
				CLANG_WARN_SUSPICIOUS_MOVE = YES;
				CLANG_WARN_UNGUARDED_AVAILABILITY = YES_AGGRESSIVE;
				CLANG_WARN_UNREACHABLE_CODE = YES;
				CLANG_WARN__DUPLICATE_METHOD_MATCH = YES;
				COPY_PHASE_STRIP = NO;
				DEBUG_INFORMATION_FORMAT = "dwarf-with-dsym";
				ENABLE_NS_ASSERTIONS = NO;
				ENABLE_STRICT_OBJC_MSGSEND = YES;
				GCC_C_LANGUAGE_STANDARD = gnu11;
				GCC_NO_COMMON_BLOCKS = YES;
				GCC_WARN_64_TO_32_BIT_CONVERSION = YES;
				GCC_WARN_ABOUT_RETURN_TYPE = YES_ERROR;
				GCC_WARN_UNDECLARED_SELECTOR = YES;
				GCC_WARN_UNINITIALIZED_AUTOS = YES_AGGRESSIVE;
				GCC_WARN_UNUSED_FUNCTION = YES;
				GCC_WARN_UNUSED_VARIABLE = YES;
				IPHONEOS_DEPLOYMENT_TARGET = 15.0;
				MTL_ENABLE_DEBUG_INFO = NO;
				MTL_FAST_MATH = YES;
				SDKROOT = iphoneos;
				SWIFT_COMPILATION_MODE = wholemodule;
				SWIFT_OPTIMIZATION_LEVEL = "-O";
				VALIDATE_PRODUCT = YES;
			};
			name = Release;
		};
		803E65E127177C9900E341F6 /* Debug */ = {
			isa = XCBuildConfiguration;
			baseConfigurationReference = A6D42D6A8C65E1AEE3CE37A5 /* Pods-soundspot.debug.xcconfig */;
			buildSettings = {
				ASSETCATALOG_COMPILER_APPICON_NAME = AppIcon;
				ASSETCATALOG_COMPILER_GLOBAL_ACCENT_COLOR_NAME = AccentColor;
				CODE_SIGN_STYLE = Automatic;
				CURRENT_PROJECT_VERSION = 1;
				DEVELOPMENT_ASSET_PATHS = "\"soundspot/Preview Content\"";
				ENABLE_PREVIEWS = YES;
				GENERATE_INFOPLIST_FILE = YES;
				INFOPLIST_FILE = soundspot/Info.plist;
				INFOPLIST_KEY_NSLocalNetworkUsageDescription = "";
				INFOPLIST_KEY_UIApplicationSceneManifest_Generation = YES;
				INFOPLIST_KEY_UIApplicationSupportsIndirectInputEvents = YES;
				INFOPLIST_KEY_UILaunchScreen_Generation = YES;
				INFOPLIST_KEY_UILaunchStoryboardName = Main;
				INFOPLIST_KEY_UIRequiresFullScreen = YES;
				INFOPLIST_KEY_UIStatusBarHidden = NO;
				INFOPLIST_KEY_UISupportedInterfaceOrientations_iPad = "UIInterfaceOrientationPortrait UIInterfaceOrientationPortraitUpsideDown UIInterfaceOrientationLandscapeLeft UIInterfaceOrientationLandscapeRight";
				INFOPLIST_KEY_UISupportedInterfaceOrientations_iPhone = "UIInterfaceOrientationPortrait UIInterfaceOrientationLandscapeLeft UIInterfaceOrientationLandscapeRight";
				INFOPLIST_KEY_UIUserInterfaceStyle = Dark;
				IPHONEOS_DEPLOYMENT_TARGET = 14.0;
				LD_RUNPATH_SEARCH_PATHS = (
					"$(inherited)",
					"@executable_path/Frameworks",
				);
				MARKETING_VERSION = 1.0;
				PRODUCT_BUNDLE_IDENTIFIER = com.ios.soundspot;
				PRODUCT_NAME = "$(TARGET_NAME)";
				SWIFT_EMIT_LOC_STRINGS = YES;
				SWIFT_VERSION = 5.0;
				TARGETED_DEVICE_FAMILY = "1,2";
			};
			name = Debug;
		};
		803E65E227177C9900E341F6 /* Release */ = {
			isa = XCBuildConfiguration;
			baseConfigurationReference = A58FF6FCD332C1DB967ECF8B /* Pods-soundspot.release.xcconfig */;
			buildSettings = {
				ASSETCATALOG_COMPILER_APPICON_NAME = AppIcon;
				ASSETCATALOG_COMPILER_GLOBAL_ACCENT_COLOR_NAME = AccentColor;
				CODE_SIGN_STYLE = Automatic;
				CURRENT_PROJECT_VERSION = 1;
				DEVELOPMENT_ASSET_PATHS = "\"soundspot/Preview Content\"";
				ENABLE_PREVIEWS = YES;
				GENERATE_INFOPLIST_FILE = YES;
				INFOPLIST_FILE = soundspot/Info.plist;
				INFOPLIST_KEY_NSLocalNetworkUsageDescription = "";
				INFOPLIST_KEY_UIApplicationSceneManifest_Generation = YES;
				INFOPLIST_KEY_UIApplicationSupportsIndirectInputEvents = YES;
				INFOPLIST_KEY_UILaunchScreen_Generation = YES;
				INFOPLIST_KEY_UILaunchStoryboardName = Main;
				INFOPLIST_KEY_UIRequiresFullScreen = YES;
				INFOPLIST_KEY_UIStatusBarHidden = NO;
				INFOPLIST_KEY_UISupportedInterfaceOrientations_iPad = "UIInterfaceOrientationPortrait UIInterfaceOrientationPortraitUpsideDown UIInterfaceOrientationLandscapeLeft UIInterfaceOrientationLandscapeRight";
				INFOPLIST_KEY_UISupportedInterfaceOrientations_iPhone = "UIInterfaceOrientationPortrait UIInterfaceOrientationLandscapeLeft UIInterfaceOrientationLandscapeRight";
				INFOPLIST_KEY_UIUserInterfaceStyle = Dark;
				IPHONEOS_DEPLOYMENT_TARGET = 14.0;
				LD_RUNPATH_SEARCH_PATHS = (
					"$(inherited)",
					"@executable_path/Frameworks",
				);
				MARKETING_VERSION = 1.0;
				PRODUCT_BUNDLE_IDENTIFIER = com.ios.soundspot;
				PRODUCT_NAME = "$(TARGET_NAME)";
				SWIFT_EMIT_LOC_STRINGS = YES;
				SWIFT_VERSION = 5.0;
				TARGETED_DEVICE_FAMILY = "1,2";
			};
			name = Release;
		};
		803E65E427177C9900E341F6 /* Debug */ = {
			isa = XCBuildConfiguration;
			baseConfigurationReference = 4FB066AC7E6ADEE286939857 /* Pods-soundspotTests.debug.xcconfig */;
			buildSettings = {
				ALWAYS_EMBED_SWIFT_STANDARD_LIBRARIES = YES;
				BUNDLE_LOADER = "$(TEST_HOST)";
				CODE_SIGN_STYLE = Automatic;
				CURRENT_PROJECT_VERSION = 1;
				GENERATE_INFOPLIST_FILE = YES;
				IPHONEOS_DEPLOYMENT_TARGET = 14.0;
				LD_RUNPATH_SEARCH_PATHS = (
					"$(inherited)",
					"@executable_path/Frameworks",
					"@loader_path/Frameworks",
				);
				MARKETING_VERSION = 1.0;
				PRODUCT_BUNDLE_IDENTIFIER = com.ios.soundspotTests;
				PRODUCT_NAME = "$(TARGET_NAME)";
				SWIFT_EMIT_LOC_STRINGS = NO;
				SWIFT_VERSION = 5.0;
				TARGETED_DEVICE_FAMILY = "1,2";
				TEST_HOST = "$(BUILT_PRODUCTS_DIR)/soundspot.app/soundspot";
			};
			name = Debug;
		};
		803E65E527177C9900E341F6 /* Release */ = {
			isa = XCBuildConfiguration;
			baseConfigurationReference = CD30D5AEF1CD60F654FEBB34 /* Pods-soundspotTests.release.xcconfig */;
			buildSettings = {
				ALWAYS_EMBED_SWIFT_STANDARD_LIBRARIES = YES;
				BUNDLE_LOADER = "$(TEST_HOST)";
				CODE_SIGN_STYLE = Automatic;
				CURRENT_PROJECT_VERSION = 1;
				GENERATE_INFOPLIST_FILE = YES;
				IPHONEOS_DEPLOYMENT_TARGET = 14.0;
				LD_RUNPATH_SEARCH_PATHS = (
					"$(inherited)",
					"@executable_path/Frameworks",
					"@loader_path/Frameworks",
				);
				MARKETING_VERSION = 1.0;
				PRODUCT_BUNDLE_IDENTIFIER = com.ios.soundspotTests;
				PRODUCT_NAME = "$(TARGET_NAME)";
				SWIFT_EMIT_LOC_STRINGS = NO;
				SWIFT_VERSION = 5.0;
				TARGETED_DEVICE_FAMILY = "1,2";
				TEST_HOST = "$(BUILT_PRODUCTS_DIR)/soundspot.app/soundspot";
			};
			name = Release;
		};
		803E65E727177C9900E341F6 /* Debug */ = {
			isa = XCBuildConfiguration;
			baseConfigurationReference = 1A7E8AEA3DEFE9E033D796BE /* Pods-soundspot-soundspotUITests.debug.xcconfig */;
			buildSettings = {
				ALWAYS_EMBED_SWIFT_STANDARD_LIBRARIES = YES;
				CODE_SIGN_STYLE = Automatic;
				CURRENT_PROJECT_VERSION = 1;
				GENERATE_INFOPLIST_FILE = YES;
				LD_RUNPATH_SEARCH_PATHS = (
					"$(inherited)",
					"@executable_path/Frameworks",
					"@loader_path/Frameworks",
				);
				MARKETING_VERSION = 1.0;
				PRODUCT_BUNDLE_IDENTIFIER = com.ios.soundspotUITests;
				PRODUCT_NAME = "$(TARGET_NAME)";
				SWIFT_EMIT_LOC_STRINGS = NO;
				SWIFT_VERSION = 5.0;
				TARGETED_DEVICE_FAMILY = "1,2";
				TEST_TARGET_NAME = soundspot;
			};
			name = Debug;
		};
		803E65E827177C9900E341F6 /* Release */ = {
			isa = XCBuildConfiguration;
			baseConfigurationReference = D276940E7D3AA836F1C770BB /* Pods-soundspot-soundspotUITests.release.xcconfig */;
			buildSettings = {
				ALWAYS_EMBED_SWIFT_STANDARD_LIBRARIES = YES;
				CODE_SIGN_STYLE = Automatic;
				CURRENT_PROJECT_VERSION = 1;
				GENERATE_INFOPLIST_FILE = YES;
				LD_RUNPATH_SEARCH_PATHS = (
					"$(inherited)",
					"@executable_path/Frameworks",
					"@loader_path/Frameworks",
				);
				MARKETING_VERSION = 1.0;
				PRODUCT_BUNDLE_IDENTIFIER = com.ios.soundspotUITests;
				PRODUCT_NAME = "$(TARGET_NAME)";
				SWIFT_EMIT_LOC_STRINGS = NO;
				SWIFT_VERSION = 5.0;
				TARGETED_DEVICE_FAMILY = "1,2";
				TEST_TARGET_NAME = soundspot;
			};
			name = Release;
		};
/* End XCBuildConfiguration section */

/* Begin XCConfigurationList section */
		803E65B727177C9500E341F6 /* Build configuration list for PBXProject "soundspot" */ = {
			isa = XCConfigurationList;
			buildConfigurations = (
				803E65DE27177C9900E341F6 /* Debug */,
				803E65DF27177C9900E341F6 /* Release */,
			);
			defaultConfigurationIsVisible = 0;
			defaultConfigurationName = Release;
		};
		803E65E027177C9900E341F6 /* Build configuration list for PBXNativeTarget "soundspot" */ = {
			isa = XCConfigurationList;
			buildConfigurations = (
				803E65E127177C9900E341F6 /* Debug */,
				803E65E227177C9900E341F6 /* Release */,
			);
			defaultConfigurationIsVisible = 0;
			defaultConfigurationName = Release;
		};
		803E65E327177C9900E341F6 /* Build configuration list for PBXNativeTarget "soundspotTests" */ = {
			isa = XCConfigurationList;
			buildConfigurations = (
				803E65E427177C9900E341F6 /* Debug */,
				803E65E527177C9900E341F6 /* Release */,
			);
			defaultConfigurationIsVisible = 0;
			defaultConfigurationName = Release;
		};
		803E65E627177C9900E341F6 /* Build configuration list for PBXNativeTarget "soundspotUITests" */ = {
			isa = XCConfigurationList;
			buildConfigurations = (
				803E65E727177C9900E341F6 /* Debug */,
				803E65E827177C9900E341F6 /* Release */,
			);
			defaultConfigurationIsVisible = 0;
			defaultConfigurationName = Release;
		};
/* End XCConfigurationList section */
	};
	rootObject = 803E65B427177C9500E341F6 /* Project object */;
}
